
Microsoft Visual Studio Solution File, Format Version 12.00
# Visual Studio Version 17
VisualStudioVersion = 17.5.002.0
MinimumVisualStudioVersion = 10.0.40219.1
Project("{9A19103F-16F7-4668-BE54-9A1E7A4F7556}") = "EpiCoDex", "EpiCoDex\EpiCoDex.csproj", "{1DFE792E-B192-4F6D-9619-91A4839AF446}"
EndProject
Global
	GlobalSection(SolutionConfigurationPlatforms) = preSolution
		Debug|Any CPU = Debug|Any CPU
		Release|Any CPU = Release|Any CPU
	EndGlobalSection
	GlobalSection(ProjectConfigurationPlatforms) = postSolution
		{1DFE792E-B192-4F6D-9619-91A4839AF446}.Debug|Any CPU.ActiveCfg = Debug|Any CPU
		{1DFE792E-B192-4F6D-9619-91A4839AF446}.Debug|Any CPU.Build.0 = Debug|Any CPU
		{1DFE792E-B192-4F6D-9619-91A4839AF446}.Release|Any CPU.ActiveCfg = Release|Any CPU
		{1DFE792E-B192-4F6D-9619-91A4839AF446}.Release|Any CPU.Build.0 = Release|Any CPU
	EndGlobalSection
	GlobalSection(SolutionProperties) = preSolution
		HideSolutionNode = FALSE
	EndGlobalSection
	GlobalSection(ExtensibilityGlobals) = postSolution
		SolutionGuid = {3DEE8AD7-AB25-4086-839A-3FAD877A57D9}
	EndGlobalSection
EndGlobal
